
Microsoft Visual Studio Solution File, Format Version 12.00
# Visual Studio Version 18
VisualStudioVersion = 18.5.11716.220 stable
MinimumVisualStudioVersion = 10.0.40219.1
Project("{FAE04EC0-301F-11D3-BF4B-00C04F79EFBC}") = "PropertyManagement.API", "PropertyManagement.API\PropertyManagement.API.csproj", "{A1890089-D709-4120-B240-74BACFFBFE70}"
EndProject
Project("{FAE04EC0-301F-11D3-BF4B-00C04F79EFBC}") = "PropertyManagement.Blazor", "PropertyManagement.Blazor\PropertyManagement.Blazor.csproj", "{79FFD6CE-382F-4771-A86E-D811FBF1ABD8}"
EndProject
Global
	GlobalSection(SolutionConfigurationPlatforms) = preSolution
		Debug|Any CPU = Debug|Any CPU
		Release|Any CPU = Release|Any CPU
	EndGlobalSection
	GlobalSection(ProjectConfigurationPlatforms) = postSolution
		{A1890089-D709-4120-B240-74BACFFBFE70}.Debug|Any CPU.ActiveCfg = Debug|Any CPU
		{A1890089-D709-4120-B240-74BACFFBFE70}.Debug|Any CPU.Build.0 = Debug|Any CPU
		{A1890089-D709-4120-B240-74BACFFBFE70}.Release|Any CPU.ActiveCfg = Release|Any CPU
		{A1890089-D709-4120-B240-74BACFFBFE70}.Release|Any CPU.Build.0 = Release|Any CPU
		{79FFD6CE-382F-4771-A86E-D811FBF1ABD8}.Debug|Any CPU.ActiveCfg = Debug|Any CPU
		{79FFD6CE-382F-4771-A86E-D811FBF1ABD8}.Debug|Any CPU.Build.0 = Debug|Any CPU
		{79FFD6CE-382F-4771-A86E-D811FBF1ABD8}.Release|Any CPU.ActiveCfg = Release|Any CPU
		{79FFD6CE-382F-4771-A86E-D811FBF1ABD8}.Release|Any CPU.Build.0 = Release|Any CPU
	EndGlobalSection
	GlobalSection(SolutionProperties) = preSolution
		HideSolutionNode = FALSE
	EndGlobalSection
	GlobalSection(ExtensibilityGlobals) = postSolution
		SolutionGuid = {B48794CD-37E0-4223-974A-3C8BD8099A7C}
	EndGlobalSection
EndGlobal
